
Microsoft Visual Studio Solution File, Format Version 12.00
# Visual Studio Version 17
VisualStudioVersion = 17.2.32630.192
MinimumVisualStudioVersion = 10.0.40219.1
Project("{8BC9CEB8-8B4A-11D0-8D11-00A0C91BC942}") = "HOSPITAL_MANAGEMENT", "HOSPITAL_MANAGEMENT\HOSPITAL_MANAGEMENT.vcxproj", "{D34F1A2A-0705-4DF1-A9B2-C0EE55EBF1FC}"
EndProject
Global
	GlobalSection(SolutionConfigurationPlatforms) = preSolution
		Debug|x64 = Debug|x64
		Debug|x86 = Debug|x86
		Release|x64 = Release|x64
		Release|x86 = Release|x86
	EndGlobalSection
	GlobalSection(ProjectConfigurationPlatforms) = postSolution
		{D34F1A2A-0705-4DF1-A9B2-C0EE55EBF1FC}.Debug|x64.ActiveCfg = Debug|x64
		{D34F1A2A-0705-4DF1-A9B2-C0EE55EBF1FC}.Debug|x64.Build.0 = Debug|x64
		{D34F1A2A-0705-4DF1-A9B2-C0EE55EBF1FC}.Debug|x86.ActiveCfg = Debug|Win32
		{D34F1A2A-0705-4DF1-A9B2-C0EE55EBF1FC}.Debug|x86.Build.0 = Debug|Win32
		{D34F1A2A-0705-4DF1-A9B2-C0EE55EBF1FC}.Release|x64.ActiveCfg = Release|x64
		{D34F1A2A-0705-4DF1-A9B2-C0EE55EBF1FC}.Release|x64.Build.0 = Release|x64
		{D34F1A2A-0705-4DF1-A9B2-C0EE55EBF1FC}.Release|x86.ActiveCfg = Release|Win32
		{D34F1A2A-0705-4DF1-A9B2-C0EE55EBF1FC}.Release|x86.Build.0 = Release|Win32
	EndGlobalSection
	GlobalSection(SolutionProperties) = preSolution
		HideSolutionNode = FALSE
	EndGlobalSection
	GlobalSection(ExtensibilityGlobals) = postSolution
		SolutionGuid = {E33A170C-A6CC-4D9D-9CD8-CCC81CE9EA39}
	EndGlobalSection
EndGlobal
